// !$*UTF8*$!
{
	archiveVersion = 1;
	classes = {
	};
	objectVersion = 46;
	objects = {

/* Begin PBXBuildFile section */
		F1B108391A6D01AE00A35A19 /* AppDelegate.swift in Sources */ = {isa = PBXBuildFile; fileRef = F1B108381A6D01AE00A35A19 /* AppDelegate.swift */; };
		F1B1083B1A6D01AE00A35A19 /* ViewController.swift in Sources */ = {isa = PBXBuildFile; fileRef = F1B1083A1A6D01AE00A35A19 /* ViewController.swift */; };
		F1B1083E1A6D01AE00A35A19 /* Main.storyboard in Resources */ = {isa = PBXBuildFile; fileRef = F1B1083C1A6D01AE00A35A19 /* Main.storyboard */; };
		F1B108401A6D01AE00A35A19 /* Images.xcassets in Resources */ = {isa = PBXBuildFile; fileRef = F1B1083F1A6D01AE00A35A19 /* Images.xcassets */; };
		F1B108431A6D01AE00A35A19 /* LaunchScreen.xib in Resources */ = {isa = PBXBuildFile; fileRef = F1B108411A6D01AE00A35A19 /* LaunchScreen.xib */; };
		F1B1084F1A6D01AE00A35A19 /* DemoTests.swift in Sources */ = {isa = PBXBuildFile; fileRef = F1B1084E1A6D01AE00A35A19 /* DemoTests.swift */; };
		F1B108611A6D022500A35A19 /* MonthCalendarView.framework in Frameworks */ = {isa = PBXBuildFile; fileRef = F1B1085E1A6D020300A35A19 /* MonthCalendarView.framework */; };
		F1B108621A6D022500A35A19 /* MonthCalendarView.framework in Embed Frameworks */ = {isa = PBXBuildFile; fileRef = F1B1085E1A6D020300A35A19 /* MonthCalendarView.framework */; settings = {ATTRIBUTES = (CodeSignOnCopy, RemoveHeadersOnCopy, ); }; };
/* End PBXBuildFile section */

/* Begin PBXContainerItemProxy section */
		F1B108491A6D01AE00A35A19 /* PBXContainerItemProxy */ = {
			isa = PBXContainerItemProxy;
			containerPortal = F1B1082B1A6D01AE00A35A19 /* Project object */;
			proxyType = 1;
			remoteGlobalIDString = F1B108321A6D01AE00A35A19;
			remoteInfo = Demo;
		};
		F1B1085D1A6D020300A35A19 /* PBXContainerItemProxy */ = {
			isa = PBXContainerItemProxy;
			containerPortal = F1B108581A6D020300A35A19 /* MonthCalendarView.xcodeproj */;
			proxyType = 2;
			remoteGlobalIDString = F1B1080E1A6D012B00A35A19;
			remoteInfo = MonthCalendarView;
		};
		F1B1085F1A6D020300A35A19 /* PBXContainerItemProxy */ = {
			isa = PBXContainerItemProxy;
			containerPortal = F1B108581A6D020300A35A19 /* MonthCalendarView.xcodeproj */;
			proxyType = 2;
			remoteGlobalIDString = F1B108191A6D012B00A35A19;
			remoteInfo = MonthCalendarViewTests;
		};
		F1B108631A6D022500A35A19 /* PBXContainerItemProxy */ = {
			isa = PBXContainerItemProxy;
			containerPortal = F1B108581A6D020300A35A19 /* MonthCalendarView.xcodeproj */;
			proxyType = 1;
			remoteGlobalIDString = F1B1080D1A6D012B00A35A19;
			remoteInfo = MonthCalendarView;
		};
/* End PBXContainerItemProxy section */

/* Begin PBXCopyFilesBuildPhase section */
		F1B108651A6D022500A35A19 /* Embed Frameworks */ = {
			isa = PBXCopyFilesBuildPhase;
			buildActionMask = 2147483647;
			dstPath = "";
			dstSubfolderSpec = 10;
			files = (
				F1B108621A6D022500A35A19 /* MonthCalendarView.framework in Embed Frameworks */,
			);
			name = "Embed Frameworks";
			runOnlyForDeploymentPostprocessing = 0;
		};
/* End PBXCopyFilesBuildPhase section */

/* Begin PBXFileReference section */
		F1B108331A6D01AE00A35A19 /* Demo.app */ = {isa = PBXFileReference; explicitFileType = wrapper.application; includeInIndex = 0; path = Demo.app; sourceTree = BUILT_PRODUCTS_DIR; };
		F1B108371A6D01AE00A35A19 /* Info.plist */ = {isa = PBXFileReference; lastKnownFileType = text.plist.xml; path = Info.plist; sourceTree = "<group>"; };
		F1B108381A6D01AE00A35A19 /* AppDelegate.swift */ = {isa = PBXFileReference; lastKnownFileType = sourcecode.swift; path = AppDelegate.swift; sourceTree = "<group>"; };
		F1B1083A1A6D01AE00A35A19 /* ViewController.swift */ = {isa = PBXFileReference; lastKnownFileType = sourcecode.swift; path = ViewController.swift; sourceTree = "<group>"; };
		F1B1083D1A6D01AE00A35A19 /* Base */ = {isa = PBXFileReference; lastKnownFileType = file.storyboard; name = Base; path = Base.lproj/Main.storyboard; sourceTree = "<group>"; };
		F1B1083F1A6D01AE00A35A19 /* Images.xcassets */ = {isa = PBXFileReference; lastKnownFileType = folder.assetcatalog; path = Images.xcassets; sourceTree = "<group>"; };
		F1B108421A6D01AE00A35A19 /* Base */ = {isa = PBXFileReference; lastKnownFileType = file.xib; name = Base; path = Base.lproj/LaunchScreen.xib; sourceTree = "<group>"; };
		F1B108481A6D01AE00A35A19 /* DemoTests.xctest */ = {isa = PBXFileReference; explicitFileType = wrapper.cfbundle; includeInIndex = 0; path = DemoTests.xctest; sourceTree = BUILT_PRODUCTS_DIR; };
		F1B1084D1A6D01AE00A35A19 /* Info.plist */ = {isa = PBXFileReference; lastKnownFileType = text.plist.xml; path = Info.plist; sourceTree = "<group>"; };
		F1B1084E1A6D01AE00A35A19 /* DemoTests.swift */ = {isa = PBXFileReference; lastKnownFileType = sourcecode.swift; path = DemoTests.swift; sourceTree = "<group>"; };
		F1B108581A6D020300A35A19 /* MonthCalendarView.xcodeproj */ = {isa = PBXFileReference; lastKnownFileType = "wrapper.pb-project"; path = MonthCalendarView.xcodeproj; sourceTree = "<group>"; };
/* End PBXFileReference section */

/* Begin PBXFrameworksBuildPhase section */
		F1B108301A6D01AE00A35A19 /* Frameworks */ = {
			isa = PBXFrameworksBuildPhase;
			buildActionMask = 2147483647;
			files = (
				F1B108611A6D022500A35A19 /* MonthCalendarView.framework in Frameworks */,
			);
			runOnlyForDeploymentPostprocessing = 0;
		};
		F1B108451A6D01AE00A35A19 /* Frameworks */ = {
			isa = PBXFrameworksBuildPhase;
			buildActionMask = 2147483647;
			files = (
			);
			runOnlyForDeploymentPostprocessing = 0;
		};
/* End PBXFrameworksBuildPhase section */

/* Begin PBXGroup section */
		F1B1082A1A6D01AE00A35A19 = {
			isa = PBXGroup;
			children = (
				F1B108351A6D01AE00A35A19 /* Demo */,
				F1B1084B1A6D01AE00A35A19 /* DemoTests */,
				F1B108341A6D01AE00A35A19 /* Products */,
				F1B108581A6D020300A35A19 /* MonthCalendarView.xcodeproj */,
			);
			sourceTree = "<group>";
		};
		F1B108341A6D01AE00A35A19 /* Products */ = {
			isa = PBXGroup;
			children = (
				F1B108331A6D01AE00A35A19 /* Demo.app */,
				F1B108481A6D01AE00A35A19 /* DemoTests.xctest */,
			);
			name = Products;
			sourceTree = "<group>";
		};
		F1B108351A6D01AE00A35A19 /* Demo */ = {
			isa = PBXGroup;
			children = (
				F1B108381A6D01AE00A35A19 /* AppDelegate.swift */,
				F1B1083A1A6D01AE00A35A19 /* ViewController.swift */,
				F1B1083C1A6D01AE00A35A19 /* Main.storyboard */,
				F1B1083F1A6D01AE00A35A19 /* Images.xcassets */,
				F1B108411A6D01AE00A35A19 /* LaunchScreen.xib */,
				F1B108361A6D01AE00A35A19 /* Supporting Files */,
			);
			path = Demo;
			sourceTree = "<group>";
		};
		F1B108361A6D01AE00A35A19 /* Supporting Files */ = {
			isa = PBXGroup;
			children = (
				F1B108371A6D01AE00A35A19 /* Info.plist */,
			);
			name = "Supporting Files";
			sourceTree = "<group>";
		};
		F1B1084B1A6D01AE00A35A19 /* DemoTests */ = {
			isa = PBXGroup;
			children = (
				F1B1084E1A6D01AE00A35A19 /* DemoTests.swift */,
				F1B1084C1A6D01AE00A35A19 /* Supporting Files */,
			);
			path = DemoTests;
			sourceTree = "<group>";
		};
		F1B1084C1A6D01AE00A35A19 /* Supporting Files */ = {
			isa = PBXGroup;
			children = (
				F1B1084D1A6D01AE00A35A19 /* Info.plist */,
			);
			name = "Supporting Files";
			sourceTree = "<group>";
		};
		F1B108591A6D020300A35A19 /* Products */ = {
			isa = PBXGroup;
			children = (
				F1B1085E1A6D020300A35A19 /* MonthCalendarView.framework */,
				F1B108601A6D020300A35A19 /* MonthCalendarViewTests.xctest */,
			);
			name = Products;
			sourceTree = "<group>";
		};
/* End PBXGroup section */

/* Begin PBXNativeTarget section */
		F1B108321A6D01AE00A35A19 /* Demo */ = {
			isa = PBXNativeTarget;
			buildConfigurationList = F1B108521A6D01AE00A35A19 /* Build configuration list for PBXNativeTarget "Demo" */;
			buildPhases = (
				F1B1082F1A6D01AE00A35A19 /* Sources */,
				F1B108301A6D01AE00A35A19 /* Frameworks */,
				F1B108311A6D01AE00A35A19 /* Resources */,
				F1B108651A6D022500A35A19 /* Embed Frameworks */,
			);
			buildRules = (
			);
			dependencies = (
				F1B108641A6D022500A35A19 /* PBXTargetDependency */,
			);
			name = Demo;
			productName = Demo;
			productReference = F1B108331A6D01AE00A35A19 /* Demo.app */;
			productType = "com.apple.product-type.application";
		};
		F1B108471A6D01AE00A35A19 /* DemoTests */ = {
			isa = PBXNativeTarget;
			buildConfigurationList = F1B108551A6D01AE00A35A19 /* Build configuration list for PBXNativeTarget "DemoTests" */;
			buildPhases = (
				F1B108441A6D01AE00A35A19 /* Sources */,
				F1B108451A6D01AE00A35A19 /* Frameworks */,
				F1B108461A6D01AE00A35A19 /* Resources */,
			);
			buildRules = (
			);
			dependencies = (
				F1B1084A1A6D01AE00A35A19 /* PBXTargetDependency */,
			);
			name = DemoTests;
			productName = DemoTests;
			productReference = F1B108481A6D01AE00A35A19 /* DemoTests.xctest */;
			productType = "com.apple.product-type.bundle.unit-test";
		};
/* End PBXNativeTarget section */

/* Begin PBXProject section */
		F1B1082B1A6D01AE00A35A19 /* Project object */ = {
			isa = PBXProject;
			attributes = {
				LastUpgradeCheck = 0610;
				ORGANIZATIONNAME = "Ivan Choo";
				TargetAttributes = {
					F1B108321A6D01AE00A35A19 = {
						CreatedOnToolsVersion = 6.1.1;
					};
					F1B108471A6D01AE00A35A19 = {
						CreatedOnToolsVersion = 6.1.1;
						TestTargetID = F1B108321A6D01AE00A35A19;
					};
				};
			};
			buildConfigurationList = F1B1082E1A6D01AE00A35A19 /* Build configuration list for PBXProject "Demo" */;
			compatibilityVersion = "Xcode 3.2";
			developmentRegion = English;
			hasScannedForEncodings = 0;
			knownRegions = (
				en,
				Base,
			);
			mainGroup = F1B1082A1A6D01AE00A35A19;
			productRefGroup = F1B108341A6D01AE00A35A19 /* Products */;
			projectDirPath = "";
			projectReferences = (
				{
					ProductGroup = F1B108591A6D020300A35A19 /* Products */;
					ProjectRef = F1B108581A6D020300A35A19 /* MonthCalendarView.xcodeproj */;
				},
			);
			projectRoot = "";
			targets = (
				F1B108321A6D01AE00A35A19 /* Demo */,
				F1B108471A6D01AE00A35A19 /* DemoTests */,
			);
		};
/* End PBXProject section */

/* Begin PBXReferenceProxy section */
		F1B1085E1A6D020300A35A19 /* MonthCalendarView.framework */ = {
			isa = PBXReferenceProxy;
			fileType = wrapper.framework;
			path = MonthCalendarView.framework;
			remoteRef = F1B1085D1A6D020300A35A19 /* PBXContainerItemProxy */;
			sourceTree = BUILT_PRODUCTS_DIR;
		};
		F1B108601A6D020300A35A19 /* MonthCalendarViewTests.xctest */ = {
			isa = PBXReferenceProxy;
			fileType = wrapper.cfbundle;
			path = MonthCalendarViewTests.xctest;
			remoteRef = F1B1085F1A6D020300A35A19 /* PBXContainerItemProxy */;
			sourceTree = BUILT_PRODUCTS_DIR;
		};
/* End PBXReferenceProxy section */

/* Begin PBXResourcesBuildPhase section */
		F1B108311A6D01AE00A35A19 /* Resources */ = {
			isa = PBXResourcesBuildPhase;
			buildActionMask = 2147483647;
			files = (
				F1B1083E1A6D01AE00A35A19 /* Main.storyboard in Resources */,
				F1B108431A6D01AE00A35A19 /* LaunchScreen.xib in Resources */,
				F1B108401A6D01AE00A35A19 /* Images.xcassets in Resources */,
			);
			runOnlyForDeploymentPostprocessing = 0;
		};
		F1B108461A6D01AE00A35A19 /* Resources */ = {
			isa = PBXResourcesBuildPhase;
			buildActionMask = 2147483647;
			files = (
			);
			runOnlyForDeploymentPostprocessing = 0;
		};
/* End PBXResourcesBuildPhase section */

/* Begin PBXSourcesBuildPhase section */
		F1B1082F1A6D01AE00A35A19 /* Sources */ = {
			isa = PBXSourcesBuildPhase;
			buildActionMask = 2147483647;
			files = (
				F1B1083B1A6D01AE00A35A19 /* ViewController.swift in Sources */,
				F1B108391A6D01AE00A35A19 /* AppDelegate.swift in Sources */,
			);
			runOnlyForDeploymentPostprocessing = 0;
		};
		F1B108441A6D01AE00A35A19 /* Sources */ = {
			isa = PBXSourcesBuildPhase;
			buildActionMask = 2147483647;
			files = (
				F1B1084F1A6D01AE00A35A19 /* DemoTests.swift in Sources */,
			);
			runOnlyForDeploymentPostprocessing = 0;
		};
/* End PBXSourcesBuildPhase section */

/* Begin PBXTargetDependency section */
		F1B1084A1A6D01AE00A35A19 /* PBXTargetDependency */ = {
			isa = PBXTargetDependency;
			target = F1B108321A6D01AE00A35A19 /* Demo */;
			targetProxy = F1B108491A6D01AE00A35A19 /* PBXContainerItemProxy */;
		};
		F1B108641A6D022500A35A19 /* PBXTargetDependency */ = {
			isa = PBXTargetDependency;
			name = MonthCalendarView;
			targetProxy = F1B108631A6D022500A35A19 /* PBXContainerItemProxy */;
		};
/* End PBXTargetDependency section */

/* Begin PBXVariantGroup section */
		F1B1083C1A6D01AE00A35A19 /* Main.storyboard */ = {
			isa = PBXVariantGroup;
			children = (
				F1B1083D1A6D01AE00A35A19 /* Base */,
			);
			name = Main.storyboard;
			sourceTree = "<group>";
		};
		F1B108411A6D01AE00A35A19 /* LaunchScreen.xib */ = {
			isa = PBXVariantGroup;
			children = (
				F1B108421A6D01AE00A35A19 /* Base */,
			);
			name = LaunchScreen.xib;
			sourceTree = "<group>";
		};
/* End PBXVariantGroup section */

/* Begin XCBuildConfiguration section */
		F1B108501A6D01AE00A35A19 /* Debug */ = {
			isa = XCBuildConfiguration;
			buildSettings = {
				ALWAYS_SEARCH_USER_PATHS = NO;
				CLANG_CXX_LANGUAGE_STANDARD = "gnu++0x";
				CLANG_CXX_LIBRARY = "libc++";
				CLANG_ENABLE_MODULES = YES;
				CLANG_ENABLE_OBJC_ARC = YES;
				CLANG_WARN_BOOL_CONVERSION = YES;
				CLANG_WARN_CONSTANT_CONVERSION = YES;
				CLANG_WARN_DIRECT_OBJC_ISA_USAGE = YES_ERROR;
				CLANG_WARN_EMPTY_BODY = YES;
				CLANG_WARN_ENUM_CONVERSION = YES;
				CLANG_WARN_INT_CONVERSION = YES;
				CLANG_WARN_OBJC_ROOT_CLASS = YES_ERROR;
				CLANG_WARN_UNREACHABLE_CODE = YES;
				CLANG_WARN__DUPLICATE_METHOD_MATCH = YES;
				"CODE_SIGN_IDENTITY[sdk=iphoneos*]" = "iPhone Developer";
				COPY_PHASE_STRIP = NO;
				ENABLE_STRICT_OBJC_MSGSEND = YES;
				GCC_C_LANGUAGE_STANDARD = gnu99;
				GCC_DYNAMIC_NO_PIC = NO;
				GCC_OPTIMIZATION_LEVEL = 0;
				GCC_PREPROCESSOR_DEFINITIONS = (
					"DEBUG=1",
					"$(inherited)",
				);
				GCC_SYMBOLS_PRIVATE_EXTERN = NO;
				GCC_WARN_64_TO_32_BIT_CONVERSION = YES;
				GCC_WARN_ABOUT_RETURN_TYPE = YES_ERROR;
				GCC_WARN_UNDECLARED_SELECTOR = YES;
				GCC_WARN_UNINITIALIZED_AUTOS = YES_AGGRESSIVE;
				GCC_WARN_UNUSED_FUNCTION = YES;
				GCC_WARN_UNUSED_VARIABLE = YES;
				IPHONEOS_DEPLOYMENT_TARGET = 8.1;
				MTL_ENABLE_DEBUG_INFO = YES;
				ONLY_ACTIVE_ARCH = YES;
				SDKROOT = iphoneos;
				SWIFT_OPTIMIZATION_LEVEL = "-Onone";
			};
			name = Debug;
		};
		F1B108511A6D01AE00A35A19 /* Release */ = {
			isa = XCBuildConfiguration;
			buildSettings = {
				ALWAYS_SEARCH_USER_PATHS = NO;
				CLANG_CXX_LANGUAGE_STANDARD = "gnu++0x";
				CLANG_CXX_LIBRARY = "libc++";
				CLANG_ENABLE_MODULES = YES;
				CLANG_ENABLE_OBJC_ARC = YES;
				CLANG_WARN_BOOL_CONVERSION = YES;
				CLANG_WARN_CONSTANT_CONVERSION = YES;
				CLANG_WARN_DIRECT_OBJC_ISA_USAGE = YES_ERROR;
				CLANG_WARN_EMPTY_BODY = YES;
				CLANG_WARN_ENUM_CONVERSION = YES;
				CLANG_WARN_INT_CONVERSION = YES;
				CLANG_WARN_OBJC_ROOT_CLASS = YES_ERROR;
				CLANG_WARN_UNREACHABLE_CODE = YES;
				CLANG_WARN__DUPLICATE_METHOD_MATCH = YES;
				"CODE_SIGN_IDENTITY[sdk=iphoneos*]" = "iPhone Developer";
				COPY_PHASE_STRIP = YES;
				ENABLE_NS_ASSERTIONS = NO;
				ENABLE_STRICT_OBJC_MSGSEND = YES;
				GCC_C_LANGUAGE_STANDARD = gnu99;
				GCC_WARN_64_TO_32_BIT_CONVERSION = YES;
				GCC_WARN_ABOUT_RETURN_TYPE = YES_ERROR;
				GCC_WARN_UNDECLARED_SELECTOR = YES;
				GCC_WARN_UNINITIALIZED_AUTOS = YES_AGGRESSIVE;
				GCC_WARN_UNUSED_FUNCTION = YES;
				GCC_WARN_UNUSED_VARIABLE = YES;
				IPHONEOS_DEPLOYMENT_TARGET = 8.1;
				MTL_ENABLE_DEBUG_INFO = NO;
				SDKROOT = iphoneos;
				VALIDATE_PRODUCT = YES;
			};
			name = Release;
		};
		F1B108531A6D01AE00A35A19 /* Debug */ = {
			isa = XCBuildConfiguration;
			buildSettings = {
				ASSETCATALOG_COMPILER_APPICON_NAME = AppIcon;
				INFOPLIST_FILE = Demo/Info.plist;
				LD_RUNPATH_SEARCH_PATHS = "$(inherited) @executable_path/Frameworks";
				PRODUCT_NAME = "$(TARGET_NAME)";
			};
			name = Debug;
		};
		F1B108541A6D01AE00A35A19 /* Release */ = {
			isa = XCBuildConfiguration;
			buildSettings = {
				ASSETCATALOG_COMPILER_APPICON_NAME = AppIcon;
				INFOPLIST_FILE = Demo/Info.plist;
				LD_RUNPATH_SEARCH_PATHS = "$(inherited) @executable_path/Frameworks";
				PRODUCT_NAME = "$(TARGET_NAME)";
			};
			name = Release;
		};
		F1B108561A6D01AE00A35A19 /* Debug */ = {
			isa = XCBuildConfiguration;
			buildSettings = {
				BUNDLE_LOADER = "$(TEST_HOST)";
				FRAMEWORK_SEARCH_PATHS = (
					"$(SDKROOT)/Developer/Library/Frameworks",
					"$(inherited)",
				);
				GCC_PREPROCESSOR_DEFINITIONS = (
					"DEBUG=1",
					"$(inherited)",
				);
				INFOPLIST_FILE = DemoTests/Info.plist;
				LD_RUNPATH_SEARCH_PATHS = "$(inherited) @executable_path/Frameworks @loader_path/Frameworks";
				PRODUCT_NAME = "$(TARGET_NAME)";
				TEST_HOST = "$(BUILT_PRODUCTS_DIR)/Demo.app/Demo";
			};
			name = Debug;
		};
		F1B108571A6D01AE00A35A19 /* Release */ = {
			isa = XCBuildConfiguration;
			buildSettings = {
				BUNDLE_LOADER = "$(TEST_HOST)";
				FRAMEWORK_SEARCH_PATHS = (
					"$(SDKROOT)/Developer/Library/Frameworks",
					"$(inherited)",
				);
				INFOPLIST_FILE = DemoTests/Info.plist;
				LD_RUNPATH_SEARCH_PATHS = "$(inherited) @executable_path/Frameworks @loader_path/Frameworks";
				PRODUCT_NAME = "$(TARGET_NAME)";
				TEST_HOST = "$(BUILT_PRODUCTS_DIR)/Demo.app/Demo";
			};
			name = Release;
		};
/* End XCBuildConfiguration section */

/* Begin XCConfigurationList section */
		F1B1082E1A6D01AE00A35A19 /* Build configuration list for PBXProject "Demo" */ = {
			isa = XCConfigurationList;
			buildConfigurations = (
				F1B108501A6D01AE00A35A19 /* Debug */,
				F1B108511A6D01AE00A35A19 /* Release */,
			);
			defaultConfigurationIsVisible = 0;
			defaultConfigurationName = Release;
		};
		F1B108521A6D01AE00A35A19 /* Build configuration list for PBXNativeTarget "Demo" */ = {
			isa = XCConfigurationList;
			buildConfigurations = (
				F1B108531A6D01AE00A35A19 /* Debug */,
				F1B108541A6D01AE00A35A19 /* Release */,
			);
			defaultConfigurationIsVisible = 0;
			defaultConfigurationName = Release;
		};
		F1B108551A6D01AE00A35A19 /* Build configuration list for PBXNativeTarget "DemoTests" */ = {
			isa = XCConfigurationList;
			buildConfigurations = (
				F1B108561A6D01AE00A35A19 /* Debug */,
				F1B108571A6D01AE00A35A19 /* Release */,
			);
			defaultConfigurationIsVisible = 0;
			defaultConfigurationName = Release;
		};
/* End XCConfigurationList section */
	};
	rootObject = F1B1082B1A6D01AE00A35A19 /* Project object */;
}
